// !$*UTF8*$!
{
	archiveVersion = 1;
	classes = {
	};
	objectVersion = 50;
	objects = {

/* Begin PBXBuildFile section */
		096827CF2494923100970865 /* AppDelegate.swift in Sources */ = {isa = PBXBuildFile; fileRef = 096827CE2494923100970865 /* AppDelegate.swift */; };
		096827D12494923100970865 /* SceneDelegate.swift in Sources */ = {isa = PBXBuildFile; fileRef = 096827D02494923100970865 /* SceneDelegate.swift */; };
		096827D32494923100970865 /* ContentView.swift in Sources */ = {isa = PBXBuildFile; fileRef = 096827D22494923100970865 /* ContentView.swift */; };
		096827D52494923200970865 /* Assets.xcassets in Resources */ = {isa = PBXBuildFile; fileRef = 096827D42494923200970865 /* Assets.xcassets */; };
		096827D82494923200970865 /* Preview Assets.xcassets in Resources */ = {isa = PBXBuildFile; fileRef = 096827D72494923200970865 /* Preview Assets.xcassets */; };
		096827DB2494923200970865 /* LaunchScreen.storyboard in Resources */ = {isa = PBXBuildFile; fileRef = 096827D92494923200970865 /* LaunchScreen.storyboard */; };
		096827E62494923200970865 /* Confetti_animationTests.swift in Sources */ = {isa = PBXBuildFile; fileRef = 096827E52494923200970865 /* Confetti_animationTests.swift */; };
		096827F12494923200970865 /* Confetti_animationUITests.swift in Sources */ = {isa = PBXBuildFile; fileRef = 096827F02494923200970865 /* Confetti_animationUITests.swift */; };
/* End PBXBuildFile section */

/* Begin PBXContainerItemProxy section */
		096827E22494923200970865 /* PBXContainerItemProxy */ = {
			isa = PBXContainerItemProxy;
			containerPortal = 096827C32494923000970865 /* Project object */;
			proxyType = 1;
			remoteGlobalIDString = 096827CA2494923000970865;
			remoteInfo = "Confetti-animation";
		};
		096827ED2494923200970865 /* PBXContainerItemProxy */ = {
			isa = PBXContainerItemProxy;
			containerPortal = 096827C32494923000970865 /* Project object */;
			proxyType = 1;
			remoteGlobalIDString = 096827CA2494923000970865;
			remoteInfo = "Confetti-animation";
		};
/* End PBXContainerItemProxy section */

/* Begin PBXFileReference section */
		096827CB2494923000970865 /* Confetti-animation.app */ = {isa = PBXFileReference; explicitFileType = wrapper.application; includeInIndex = 0; path = "Confetti-animation.app"; sourceTree = BUILT_PRODUCTS_DIR; };
		096827CE2494923100970865 /* AppDelegate.swift */ = {isa = PBXFileReference; lastKnownFileType = sourcecode.swift; path = AppDelegate.swift; sourceTree = "<group>"; };
		096827D02494923100970865 /* SceneDelegate.swift */ = {isa = PBXFileReference; lastKnownFileType = sourcecode.swift; path = SceneDelegate.swift; sourceTree = "<group>"; };
		096827D22494923100970865 /* ContentView.swift */ = {isa = PBXFileReference; lastKnownFileType = sourcecode.swift; path = ContentView.swift; sourceTree = "<group>"; };
		096827D42494923200970865 /* Assets.xcassets */ = {isa = PBXFileReference; lastKnownFileType = folder.assetcatalog; path = Assets.xcassets; sourceTree = "<group>"; };
		096827D72494923200970865 /* Preview Assets.xcassets */ = {isa = PBXFileReference; lastKnownFileType = folder.assetcatalog; path = "Preview Assets.xcassets"; sourceTree = "<group>"; };
		096827DA2494923200970865 /* Base */ = {isa = PBXFileReference; lastKnownFileType = file.storyboard; name = Base; path = Base.lproj/LaunchScreen.storyboard; sourceTree = "<group>"; };
		096827DC2494923200970865 /* Info.plist */ = {isa = PBXFileReference; lastKnownFileType = text.plist.xml; path = Info.plist; sourceTree = "<group>"; };
		096827E12494923200970865 /* Confetti-animationTests.xctest */ = {isa = PBXFileReference; explicitFileType = wrapper.cfbundle; includeInIndex = 0; path = "Confetti-animationTests.xctest"; sourceTree = BUILT_PRODUCTS_DIR; };
		096827E52494923200970865 /* Confetti_animationTests.swift */ = {isa = PBXFileReference; lastKnownFileType = sourcecode.swift; path = Confetti_animationTests.swift; sourceTree = "<group>"; };
		096827E72494923200970865 /* Info.plist */ = {isa = PBXFileReference; lastKnownFileType = text.plist.xml; path = Info.plist; sourceTree = "<group>"; };
		096827EC2494923200970865 /* Confetti-animationUITests.xctest */ = {isa = PBXFileReference; explicitFileType = wrapper.cfbundle; includeInIndex = 0; path = "Confetti-animationUITests.xctest"; sourceTree = BUILT_PRODUCTS_DIR; };
		096827F02494923200970865 /* Confetti_animationUITests.swift */ = {isa = PBXFileReference; lastKnownFileType = sourcecode.swift; path = Confetti_animationUITests.swift; sourceTree = "<group>"; };
		096827F22494923200970865 /* Info.plist */ = {isa = PBXFileReference; lastKnownFileType = text.plist.xml; path = Info.plist; sourceTree = "<group>"; };
/* End PBXFileReference section */

/* Begin PBXFrameworksBuildPhase section */
		096827C82494923000970865 /* Frameworks */ = {
			isa = PBXFrameworksBuildPhase;
			buildActionMask = 2147483647;
			files = (
			);
			runOnlyForDeploymentPostprocessing = 0;
		};
		096827DE2494923200970865 /* Frameworks */ = {
			isa = PBXFrameworksBuildPhase;
			buildActionMask = 2147483647;
			files = (
			);
			runOnlyForDeploymentPostprocessing = 0;
		};
		096827E92494923200970865 /* Frameworks */ = {
			isa = PBXFrameworksBuildPhase;
			buildActionMask = 2147483647;
			files = (
			);
			runOnlyForDeploymentPostprocessing = 0;
		};
/* End PBXFrameworksBuildPhase section */

/* Begin PBXGroup section */
		096827C22494923000970865 = {
			isa = PBXGroup;
			children = (
				096827CD2494923000970865 /* Confetti-animation */,
				096827E42494923200970865 /* Confetti-animationTests */,
				096827EF2494923200970865 /* Confetti-animationUITests */,
				096827CC2494923000970865 /* Products */,
			);
			sourceTree = "<group>";
		};
		096827CC2494923000970865 /* Products */ = {
			isa = PBXGroup;
			children = (
				096827CB2494923000970865 /* Confetti-animation.app */,
				096827E12494923200970865 /* Confetti-animationTests.xctest */,
				096827EC2494923200970865 /* Confetti-animationUITests.xctest */,
			);
			name = Products;
			sourceTree = "<group>";
		};
		096827CD2494923000970865 /* Confetti-animation */ = {
			isa = PBXGroup;
			children = (
				096827CE2494923100970865 /* AppDelegate.swift */,
				096827D02494923100970865 /* SceneDelegate.swift */,
				096827D22494923100970865 /* ContentView.swift */,
				096827D42494923200970865 /* Assets.xcassets */,
				096827D92494923200970865 /* LaunchScreen.storyboard */,
				096827DC2494923200970865 /* Info.plist */,
				096827D62494923200970865 /* Preview Content */,
			);
			path = "Confetti-animation";
			sourceTree = "<group>";
		};
		096827D62494923200970865 /* Preview Content */ = {
			isa = PBXGroup;
			children = (
				096827D72494923200970865 /* Preview Assets.xcassets */,
			);
			path = "Preview Content";
			sourceTree = "<group>";
		};
		096827E42494923200970865 /* Confetti-animationTests */ = {
			isa = PBXGroup;
			children = (
				096827E52494923200970865 /* Confetti_animationTests.swift */,
				096827E72494923200970865 /* Info.plist */,
			);
			path = "Confetti-animationTests";
			sourceTree = "<group>";
		};
		096827EF2494923200970865 /* Confetti-animationUITests */ = {
			isa = PBXGroup;
			children = (
				096827F02494923200970865 /* Confetti_animationUITests.swift */,
				096827F22494923200970865 /* Info.plist */,
			);
			path = "Confetti-animationUITests";
			sourceTree = "<group>";
		};
/* End PBXGroup section */

/* Begin PBXNativeTarget section */
		096827CA2494923000970865 /* Confetti-animation */ = {
			isa = PBXNativeTarget;
			buildConfigurationList = 096827F52494923200970865 /* Build configuration list for PBXNativeTarget "Confetti-animation" */;
			buildPhases = (
				096827C72494923000970865 /* Sources */,
				096827C82494923000970865 /* Frameworks */,
				096827C92494923000970865 /* Resources */,
			);
			buildRules = (
			);
			dependencies = (
			);
			name = "Confetti-animation";
			productName = "Confetti-animation";
			productReference = 096827CB2494923000970865 /* Confetti-animation.app */;
			productType = "com.apple.product-type.application";
		};
		096827E02494923200970865 /* Confetti-animationTests */ = {
			isa = PBXNativeTarget;
			buildConfigurationList = 096827F82494923200970865 /* Build configuration list for PBXNativeTarget "Confetti-animationTests" */;
			buildPhases = (
				096827DD2494923200970865 /* Sources */,
				096827DE2494923200970865 /* Frameworks */,
				096827DF2494923200970865 /* Resources */,
			);
			buildRules = (
			);
			dependencies = (
				096827E32494923200970865 /* PBXTargetDependency */,
			);
			name = "Confetti-animationTests";
			productName = "Confetti-animationTests";
			productReference = 096827E12494923200970865 /* Confetti-animationTests.xctest */;
			productType = "com.apple.product-type.bundle.unit-test";
		};
		096827EB2494923200970865 /* Confetti-animationUITests */ = {
			isa = PBXNativeTarget;
			buildConfigurationList = 096827FB2494923200970865 /* Build configuration list for PBXNativeTarget "Confetti-animationUITests" */;
			buildPhases = (
				096827E82494923200970865 /* Sources */,
				096827E92494923200970865 /* Frameworks */,
				096827EA2494923200970865 /* Resources */,
			);
			buildRules = (
			);
			dependencies = (
				096827EE2494923200970865 /* PBXTargetDependency */,
			);
			name = "Confetti-animationUITests";
			productName = "Confetti-animationUITests";
			productReference = 096827EC2494923200970865 /* Confetti-animationUITests.xctest */;
			productType = "com.apple.product-type.bundle.ui-testing";
		};
/* End PBXNativeTarget section */

/* Begin PBXProject section */
		096827C32494923000970865 /* Project object */ = {
			isa = PBXProject;
			attributes = {
				LastSwiftUpdateCheck = 1150;
				LastUpgradeCheck = 1150;
				ORGANIZATIONNAME = "AJ Picard";
				TargetAttributes = {
					096827CA2494923000970865 = {
						CreatedOnToolsVersion = 11.5;
					};
					096827E02494923200970865 = {
						CreatedOnToolsVersion = 11.5;
						TestTargetID = 096827CA2494923000970865;
					};
					096827EB2494923200970865 = {
						CreatedOnToolsVersion = 11.5;
						TestTargetID = 096827CA2494923000970865;
					};
				};
			};
			buildConfigurationList = 096827C62494923000970865 /* Build configuration list for PBXProject "Confetti-animation" */;
			compatibilityVersion = "Xcode 9.3";
			developmentRegion = en;
			hasScannedForEncodings = 0;
			knownRegions = (
				en,
				Base,
			);
			mainGroup = 096827C22494923000970865;
			productRefGroup = 096827CC2494923000970865 /* Products */;
			projectDirPath = "";
			projectRoot = "";
			targets = (
				096827CA2494923000970865 /* Confetti-animation */,
				096827E02494923200970865 /* Confetti-animationTests */,
				096827EB2494923200970865 /* Confetti-animationUITests */,
			);
		};
/* End PBXProject section */

/* Begin PBXResourcesBuildPhase section */
		096827C92494923000970865 /* Resources */ = {
			isa = PBXResourcesBuildPhase;
			buildActionMask = 2147483647;
			files = (
				096827DB2494923200970865 /* LaunchScreen.storyboard in Resources */,
				096827D82494923200970865 /* Preview Assets.xcassets in Resources */,
				096827D52494923200970865 /* Assets.xcassets in Resources */,
			);
			runOnlyForDeploymentPostprocessing = 0;
		};
		096827DF2494923200970865 /* Resources */ = {
			isa = PBXResourcesBuildPhase;
			buildActionMask = 2147483647;
			files = (
			);
			runOnlyForDeploymentPostprocessing = 0;
		};
		096827EA2494923200970865 /* Resources */ = {
			isa = PBXResourcesBuildPhase;
			buildActionMask = 2147483647;
			files = (
			);
			runOnlyForDeploymentPostprocessing = 0;
		};
/* End PBXResourcesBuildPhase section */

/* Begin PBXSourcesBuildPhase section */
		096827C72494923000970865 /* Sources */ = {
			isa = PBXSourcesBuildPhase;
			buildActionMask = 2147483647;
			files = (
				096827CF2494923100970865 /* AppDelegate.swift in Sources */,
				096827D12494923100970865 /* SceneDelegate.swift in Sources */,
				096827D32494923100970865 /* ContentView.swift in Sources */,
			);
			runOnlyForDeploymentPostprocessing = 0;
		};
		096827DD2494923200970865 /* Sources */ = {
			isa = PBXSourcesBuildPhase;
			buildActionMask = 2147483647;
			files = (
				096827E62494923200970865 /* Confetti_animationTests.swift in Sources */,
			);
			runOnlyForDeploymentPostprocessing = 0;
		};
		096827E82494923200970865 /* Sources */ = {
			isa = PBXSourcesBuildPhase;
			buildActionMask = 2147483647;
			files = (
				096827F12494923200970865 /* Confetti_animationUITests.swift in Sources */,
			);
			runOnlyForDeploymentPostprocessing = 0;
		};
/* End PBXSourcesBuildPhase section */

/* Begin PBXTargetDependency section */
		096827E32494923200970865 /* PBXTargetDependency */ = {
			isa = PBXTargetDependency;
			target = 096827CA2494923000970865 /* Confetti-animation */;
			targetProxy = 096827E22494923200970865 /* PBXContainerItemProxy */;
		};
		096827EE2494923200970865 /* PBXTargetDependency */ = {
			isa = PBXTargetDependency;
			target = 096827CA2494923000970865 /* Confetti-animation */;
			targetProxy = 096827ED2494923200970865 /* PBXContainerItemProxy */;
		};
/* End PBXTargetDependency section */

/* Begin PBXVariantGroup section */
		096827D92494923200970865 /* LaunchScreen.storyboard */ = {
			isa = PBXVariantGroup;
			children = (
				096827DA2494923200970865 /* Base */,
			);
			name = LaunchScreen.storyboard;
			sourceTree = "<group>";
		};
/* End PBXVariantGroup section */

/* Begin XCBuildConfiguration section */
		096827F32494923200970865 /* Debug */ = {
			isa = XCBuildConfiguration;
			buildSettings = {
				ALWAYS_SEARCH_USER_PATHS = NO;
				CLANG_ANALYZER_NONNULL = YES;
				CLANG_ANALYZER_NUMBER_OBJECT_CONVERSION = YES_AGGRESSIVE;
				CLANG_CXX_LANGUAGE_STANDARD = "gnu++14";
				CLANG_CXX_LIBRARY = "libc++";
				CLANG_ENABLE_MODULES = YES;
				CLANG_ENABLE_OBJC_ARC = YES;
				CLANG_ENABLE_OBJC_WEAK = YES;
				CLANG_WARN_BLOCK_CAPTURE_AUTORELEASING = YES;
				CLANG_WARN_BOOL_CONVERSION = YES;
				CLANG_WARN_COMMA = YES;
				CLANG_WARN_CONSTANT_CONVERSION = YES;
				CLANG_WARN_DEPRECATED_OBJC_IMPLEMENTATIONS = YES;
				CLANG_WARN_DIRECT_OBJC_ISA_USAGE = YES_ERROR;
				CLANG_WARN_DOCUMENTATION_COMMENTS = YES;
				CLANG_WARN_EMPTY_BODY = YES;
				CLANG_WARN_ENUM_CONVERSION = YES;
				CLANG_WARN_INFINITE_RECURSION = YES;
				CLANG_WARN_INT_CONVERSION = YES;
				CLANG_WARN_NON_LITERAL_NULL_CONVERSION = YES;
				CLANG_WARN_OBJC_IMPLICIT_RETAIN_SELF = YES;
				CLANG_WARN_OBJC_LITERAL_CONVERSION = YES;
				CLANG_WARN_OBJC_ROOT_CLASS = YES_ERROR;
				CLANG_WARN_RANGE_LOOP_ANALYSIS = YES;
				CLANG_WARN_STRICT_PROTOTYPES = YES;
				CLANG_WARN_SUSPICIOUS_MOVE = YES;
				CLANG_WARN_UNGUARDED_AVAILABILITY = YES_AGGRESSIVE;
				CLANG_WARN_UNREACHABLE_CODE = YES;
				CLANG_WARN__DUPLICATE_METHOD_MATCH = YES;
				COPY_PHASE_STRIP = NO;
				DEBUG_INFORMATION_FORMAT = dwarf;
				ENABLE_STRICT_OBJC_MSGSEND = YES;
				ENABLE_TESTABILITY = YES;
				GCC_C_LANGUAGE_STANDARD = gnu11;
				GCC_DYNAMIC_NO_PIC = NO;
				GCC_NO_COMMON_BLOCKS = YES;
				GCC_OPTIMIZATION_LEVEL = 0;
				GCC_PREPROCESSOR_DEFINITIONS = (
					"DEBUG=1",
					"$(inherited)",
				);
				GCC_WARN_64_TO_32_BIT_CONVERSION = YES;
				GCC_WARN_ABOUT_RETURN_TYPE = YES_ERROR;
				GCC_WARN_UNDECLARED_SELECTOR = YES;
				GCC_WARN_UNINITIALIZED_AUTOS = YES_AGGRESSIVE;
				GCC_WARN_UNUSED_FUNCTION = YES;
				GCC_WARN_UNUSED_VARIABLE = YES;
				IPHONEOS_DEPLOYMENT_TARGET = 13.5;
				MTL_ENABLE_DEBUG_INFO = INCLUDE_SOURCE;
				MTL_FAST_MATH = YES;
				ONLY_ACTIVE_ARCH = YES;
				SDKROOT = iphoneos;
				SWIFT_ACTIVE_COMPILATION_CONDITIONS = DEBUG;
				SWIFT_OPTIMIZATION_LEVEL = "-Onone";
			};
			name = Debug;
		};
		096827F42494923200970865 /* Release */ = {
			isa = XCBuildConfiguration;
			buildSettings = {
				ALWAYS_SEARCH_USER_PATHS = NO;
				CLANG_ANALYZER_NONNULL = YES;
				CLANG_ANALYZER_NUMBER_OBJECT_CONVERSION = YES_AGGRESSIVE;
				CLANG_CXX_LANGUAGE_STANDARD = "gnu++14";
				CLANG_CXX_LIBRARY = "libc++";
				CLANG_ENABLE_MODULES = YES;
				CLANG_ENABLE_OBJC_ARC = YES;
				CLANG_ENABLE_OBJC_WEAK = YES;
				CLANG_WARN_BLOCK_CAPTURE_AUTORELEASING = YES;
				CLANG_WARN_BOOL_CONVERSION = YES;
				CLANG_WARN_COMMA = YES;
				CLANG_WARN_CONSTANT_CONVERSION = YES;
				CLANG_WARN_DEPRECATED_OBJC_IMPLEMENTATIONS = YES;
				CLANG_WARN_DIRECT_OBJC_ISA_USAGE = YES_ERROR;
				CLANG_WARN_DOCUMENTATION_COMMENTS = YES;
				CLANG_WARN_EMPTY_BODY = YES;
				CLANG_WARN_ENUM_CONVERSION = YES;
				CLANG_WARN_INFINITE_RECURSION = YES;
				CLANG_WARN_INT_CONVERSION = YES;
				CLANG_WARN_NON_LITERAL_NULL_CONVERSION = YES;
				CLANG_WARN_OBJC_IMPLICIT_RETAIN_SELF = YES;
				CLANG_WARN_OBJC_LITERAL_CONVERSION = YES;
				CLANG_WARN_OBJC_ROOT_CLASS = YES_ERROR;
				CLANG_WARN_RANGE_LOOP_ANALYSIS = YES;
				CLANG_WARN_STRICT_PROTOTYPES = YES;
				CLANG_WARN_SUSPICIOUS_MOVE = YES;
				CLANG_WARN_UNGUARDED_AVAILABILITY = YES_AGGRESSIVE;
				CLANG_WARN_UNREACHABLE_CODE = YES;
				CLANG_WARN__DUPLICATE_METHOD_MATCH = YES;
				COPY_PHASE_STRIP = NO;
				DEBUG_INFORMATION_FORMAT = "dwarf-with-dsym";
				ENABLE_NS_ASSERTIONS = NO;
				ENABLE_STRICT_OBJC_MSGSEND = YES;
				GCC_C_LANGUAGE_STANDARD = gnu11;
				GCC_NO_COMMON_BLOCKS = YES;
				GCC_WARN_64_TO_32_BIT_CONVERSION = YES;
				GCC_WARN_ABOUT_RETURN_TYPE = YES_ERROR;
				GCC_WARN_UNDECLARED_SELECTOR = YES;
				GCC_WARN_UNINITIALIZED_AUTOS = YES_AGGRESSIVE;
				GCC_WARN_UNUSED_FUNCTION = YES;
				GCC_WARN_UNUSED_VARIABLE = YES;
				IPHONEOS_DEPLOYMENT_TARGET = 13.5;
				MTL_ENABLE_DEBUG_INFO = NO;
				MTL_FAST_MATH = YES;
				SDKROOT = iphoneos;
				SWIFT_COMPILATION_MODE = wholemodule;
				SWIFT_OPTIMIZATION_LEVEL = "-O";
				VALIDATE_PRODUCT = YES;
			};
			name = Release;
		};
		096827F62494923200970865 /* Debug */ = {
			isa = XCBuildConfiguration;
			buildSettings = {
				ASSETCATALOG_COMPILER_APPICON_NAME = AppIcon;
				CODE_SIGN_STYLE = Automatic;
				DEVELOPMENT_ASSET_PATHS = "\"Confetti-animation/Preview Content\"";
				DEVELOPMENT_TEAM = 4F95F96C4N;
				ENABLE_PREVIEWS = YES;
				INFOPLIST_FILE = "Confetti-animation/Info.plist";
				LD_RUNPATH_SEARCH_PATHS = (
					"$(inherited)",
					"@executable_path/Frameworks",
				);
				PRODUCT_BUNDLE_IDENTIFIER = "SauceDesigns.Confetti-animation";
				PRODUCT_NAME = "$(TARGET_NAME)";
				SWIFT_VERSION = 5.0;
				TARGETED_DEVICE_FAMILY = "1,2";
			};
			name = Debug;
		};
		096827F72494923200970865 /* Release */ = {
			isa = XCBuildConfiguration;
			buildSettings = {
				ASSETCATALOG_COMPILER_APPICON_NAME = AppIcon;
				CODE_SIGN_STYLE = Automatic;
				DEVELOPMENT_ASSET_PATHS = "\"Confetti-animation/Preview Content\"";
				DEVELOPMENT_TEAM = 4F95F96C4N;
				ENABLE_PREVIEWS = YES;
				INFOPLIST_FILE = "Confetti-animation/Info.plist";
				LD_RUNPATH_SEARCH_PATHS = (
					"$(inherited)",
					"@executable_path/Frameworks",
				);
				PRODUCT_BUNDLE_IDENTIFIER = "SauceDesigns.Confetti-animation";
				PRODUCT_NAME = "$(TARGET_NAME)";
				SWIFT_VERSION = 5.0;
				TARGETED_DEVICE_FAMILY = "1,2";
			};
			name = Release;
		};
		096827F92494923200970865 /* Debug */ = {
			isa = XCBuildConfiguration;
			buildSettings = {
				ALWAYS_EMBED_SWIFT_STANDARD_LIBRARIES = YES;
				BUNDLE_LOADER = "$(TEST_HOST)";
				CODE_SIGN_STYLE = Automatic;
				DEVELOPMENT_TEAM = 4F95F96C4N;
				INFOPLIST_FILE = "Confetti-animationTests/Info.plist";
				IPHONEOS_DEPLOYMENT_TARGET = 13.5;
				LD_RUNPATH_SEARCH_PATHS = (
					"$(inherited)",
					"@executable_path/Frameworks",
					"@loader_path/Frameworks",
				);
				PRODUCT_BUNDLE_IDENTIFIER = "SauceDesigns.Confetti-animationTests";
				PRODUCT_NAME = "$(TARGET_NAME)";
				SWIFT_VERSION = 5.0;
				TARGETED_DEVICE_FAMILY = "1,2";
				TEST_HOST = "$(BUILT_PRODUCTS_DIR)/Confetti-animation.app/Confetti-animation";
			};
			name = Debug;
		};
		096827FA2494923200970865 /* Release */ = {
			isa = XCBuildConfiguration;
			buildSettings = {
				ALWAYS_EMBED_SWIFT_STANDARD_LIBRARIES = YES;
				BUNDLE_LOADER = "$(TEST_HOST)";
				CODE_SIGN_STYLE = Automatic;
				DEVELOPMENT_TEAM = 4F95F96C4N;
				INFOPLIST_FILE = "Confetti-animationTests/Info.plist";
				IPHONEOS_DEPLOYMENT_TARGET = 13.5;
				LD_RUNPATH_SEARCH_PATHS = (
					"$(inherited)",
					"@executable_path/Frameworks",
					"@loader_path/Frameworks",
				);
				PRODUCT_BUNDLE_IDENTIFIER = "SauceDesigns.Confetti-animationTests";
				PRODUCT_NAME = "$(TARGET_NAME)";
				SWIFT_VERSION = 5.0;
				TARGETED_DEVICE_FAMILY = "1,2";
				TEST_HOST = "$(BUILT_PRODUCTS_DIR)/Confetti-animation.app/Confetti-animation";
			};
			name = Release;
		};
		096827FC2494923200970865 /* Debug */ = {
			isa = XCBuildConfiguration;
			buildSettings = {
				ALWAYS_EMBED_SWIFT_STANDARD_LIBRARIES = YES;
				CODE_SIGN_STYLE = Automatic;
				DEVELOPMENT_TEAM = 4F95F96C4N;
				INFOPLIST_FILE = "Confetti-animationUITests/Info.plist";
				LD_RUNPATH_SEARCH_PATHS = (
					"$(inherited)",
					"@executable_path/Frameworks",
					"@loader_path/Frameworks",
				);
				PRODUCT_BUNDLE_IDENTIFIER = "SauceDesigns.Confetti-animationUITests";
				PRODUCT_NAME = "$(TARGET_NAME)";
				SWIFT_VERSION = 5.0;
				TARGETED_DEVICE_FAMILY = "1,2";
				TEST_TARGET_NAME = "Confetti-animation";
			};
			name = Debug;
		};
		096827FD2494923200970865 /* Release */ = {
			isa = XCBuildConfiguration;
			buildSettings = {
				ALWAYS_EMBED_SWIFT_STANDARD_LIBRARIES = YES;
				CODE_SIGN_STYLE = Automatic;
				DEVELOPMENT_TEAM = 4F95F96C4N;
				INFOPLIST_FILE = "Confetti-animationUITests/Info.plist";
				LD_RUNPATH_SEARCH_PATHS = (
					"$(inherited)",
					"@executable_path/Frameworks",
					"@loader_path/Frameworks",
				);
				PRODUCT_BUNDLE_IDENTIFIER = "SauceDesigns.Confetti-animationUITests";
				PRODUCT_NAME = "$(TARGET_NAME)";
				SWIFT_VERSION = 5.0;
				TARGETED_DEVICE_FAMILY = "1,2";
				TEST_TARGET_NAME = "Confetti-animation";
			};
			name = Release;
		};
/* End XCBuildConfiguration section */

/* Begin XCConfigurationList section */
		096827C62494923000970865 /* Build configuration list for PBXProject "Confetti-animation" */ = {
			isa = XCConfigurationList;
			buildConfigurations = (
				096827F32494923200970865 /* Debug */,
				096827F42494923200970865 /* Release */,
			);
			defaultConfigurationIsVisible = 0;
			defaultConfigurationName = Release;
		};
		096827F52494923200970865 /* Build configuration list for PBXNativeTarget "Confetti-animation" */ = {
			isa = XCConfigurationList;
			buildConfigurations = (
				096827F62494923200970865 /* Debug */,
				096827F72494923200970865 /* Release */,
			);
			defaultConfigurationIsVisible = 0;
			defaultConfigurationName = Release;
		};
		096827F82494923200970865 /* Build configuration list for PBXNativeTarget "Confetti-animationTests" */ = {
			isa = XCConfigurationList;
			buildConfigurations = (
				096827F92494923200970865 /* Debug */,
				096827FA2494923200970865 /* Release */,
			);
			defaultConfigurationIsVisible = 0;
			defaultConfigurationName = Release;
		};
		096827FB2494923200970865 /* Build configuration list for PBXNativeTarget "Confetti-animationUITests" */ = {
			isa = XCConfigurationList;
			buildConfigurations = (
				096827FC2494923200970865 /* Debug */,
				096827FD2494923200970865 /* Release */,
			);
			defaultConfigurationIsVisible = 0;
			defaultConfigurationName = Release;
		};
/* End XCConfigurationList section */
	};
	rootObject = 096827C32494923000970865 /* Project object */;
}
